# THIS IS AN AUTOGENERATED FILE. DO NOT EDIT THIS FILE DIRECTLY.
# yarn lockfile v1


playwright-chromium@^1.10.0:
  version "1.49.0"
  resolved "https://registry.yarnpkg.com/playwright-chromium/-/playwright-chromium-1.49.0.tgz#0661428204396dbf5445eb04536d43a5f91bca59"
  integrity sha512-xU+nOHawNFKfJsHTTGyWqSJ5nRGGHQq1wTsc49H9rM+hDNnoKZi+3m12mGoLpqvJP7vRjZQ3uvU9/UJZbrJ1AA==
  dependencies:
    playwright-core "1.49.0"

playwright-core@1.49.0:
  version "1.49.0"
  resolved "https://registry.yarnpkg.com/playwright-core/-/playwright-core-1.49.0.tgz#8e69ffed3f41855b854982f3632f2922c890afcb"
  integrity sha512-R+3KKTQF3npy5GTiKH/T+kdhoJfJojjHESR1YEWhYuEKRVfVaxH3+4+GvXE5xyCngCxhxnykk0Vlah9v8fs3jA==
