{
  "name": "tiktok-signature",
  "version": "1.8.0",
  "lockfileVersion": 3,
  "requires": true,
  "packages": {
    "": {
      "name": "tiktok-signature",
      "version": "1.8.0",
      "license": "MIT",
      "dependencies": {
        "playwright-chromium": "^1.10.0"
      }
    },
    "node_modules/playwright-chromium": {
      "version": "1.48.2",
      "resolved": "https://registry.npmjs.org/playwright-chromium/-/playwright-chromium-1.48.2.tgz",
      "integrity": "sha512-bMBvYPlj5X6yyifahATDy5ZQySyNRDD75Q8ZCMcvn234CCA7m8vxgJIlrbJq+jcmuZVsCzNybRtEJHVGqg+v4w==",
      "hasInstallScript": true,
      "license": "Apache-2.0",
      "dependencies": {
        "playwright-core": "1.48.2"
      },
      "bin": {
        "playwright": "cli.js"
      },
      "engines": {
        "node": ">=18"
      }
    },
    "node_modules/playwright-core": {
      "version": "1.48.2",
      "resolved": "https://registry.npmjs.org/playwright-core/-/playwright-core-1.48.2.tgz",
      "integrity": "sha512-sjjw+qrLFlriJo64du+EK0kJgZzoQPsabGF4lBvsid+3CNIZIYLgnMj9V6JY5VhM2Peh20DJWIVpVljLLnlawA==",
      "license": "Apache-2.0",
      "bin": {
        "playwright-core": "cli.js"
      },
      "engines": {
        "node": ">=18"
      }
    }
  }
}
